
Microsoft Visual Studio Solution File, Format Version 12.00
# Visual Studio Version 17
VisualStudioVersion = 17.6.33829.357
MinimumVisualStudioVersion = 10.0.40219.1
Project("{9A19103F-16F7-4668-BE54-9A1E7A4F7556}") = "CSharpPlayersGuideWork", "CSharpPlayersGuideWork\CSharpPlayersGuideWork.csproj", "{D8CD5CAC-6AF7-415C-A6EA-6EE90FFC3212}"
EndProject
Project("{9A19103F-16F7-4668-BE54-9A1E7A4F7556}") = "ConsolasAndTelim", "ConsolasAndTelim\ConsolasAndTelim.csproj", "{440DFC47-BA78-4B79-8AAC-E4F900222F64}"
EndProject
Project("{9A19103F-16F7-4668-BE54-9A1E7A4F7556}") = "ThingNamer3000", "ThingNamer3000\ThingNamer3000.csproj", "{B1CCF009-1D59-438A-B210-A0B0E94681AF}"
EndProject
Project("{9A19103F-16F7-4668-BE54-9A1E7A4F7556}") = "BuyingInventory", "BuyingInventory\BuyingInventory.csproj", "{EC13BD10-4DA5-4ACB-BA24-55EC8B62516A}"
EndProject
Project("{9A19103F-16F7-4668-BE54-9A1E7A4F7556}") = "ThePrototype", "ThePrototype\ThePrototype.csproj", "{37259098-4AE0-43AB-8823-6E2898A24535}"
EndProject
Project("{9A19103F-16F7-4668-BE54-9A1E7A4F7556}") = "MagicCannon", "MagicCannon\MagicCannon.csproj", "{D1AD9A99-62D9-4934-ADE0-D972520CFB86}"
EndProject
Project("{9A19103F-16F7-4668-BE54-9A1E7A4F7556}") = "ReplicatorOfDTo", "ReplicatorOfDTo\ReplicatorOfDTo.csproj", "{5B0A0273-78C0-41B7-8468-5FB8418BD3F3}"
EndProject
Project("{9A19103F-16F7-4668-BE54-9A1E7A4F7556}") = "LawsOfFreach", "LawsOfFreach\LawsOfFreach.csproj", "{59AF7249-0623-4F94-BFA8-65D1D399681C}"
EndProject
Project("{9A19103F-16F7-4668-BE54-9A1E7A4F7556}") = "TakingANumber", "TakingANumber\TakingANumber.csproj", "{9397A886-E8BE-402C-A031-359D2DF98E76}"
EndProject
Project("{9A19103F-16F7-4668-BE54-9A1E7A4F7556}") = "Countdown", "Countdown\Countdown.csproj", "{0D2C13BB-C7D6-4118-959C-B5B48596684E}"
EndProject
Project("{9A19103F-16F7-4668-BE54-9A1E7A4F7556}") = "HuntingTheManticore", "HuntingTheManticore\HuntingTheManticore.csproj", "{6972863A-A9BE-4511-8274-6716BFABE298}"
EndProject
Project("{FAE04EC0-301F-11D3-BF4B-00C04F79EFBC}") = "SimulasTest", "SimulasTest\SimulasTest.csproj", "{A83C6C8F-8908-4145-843E-0C98924BF2DE}"
EndProject
Project("{FAE04EC0-301F-11D3-BF4B-00C04F79EFBC}") = "SimulasSoup", "SimulasSoup\SimulasSoup.csproj", "{36CCAB38-A414-4D3D-B015-F5C18FF52446}"
EndProject
Project("{FAE04EC0-301F-11D3-BF4B-00C04F79EFBC}") = "VinFletchersArrow", "VinFletchersArrow\VinFletchersArrow.csproj", "{9034A49C-25CB-44E4-8F3D-3BA554FD97B1}"
EndProject
Global
	GlobalSection(SolutionConfigurationPlatforms) = preSolution
		Debug|Any CPU = Debug|Any CPU
		Release|Any CPU = Release|Any CPU
	EndGlobalSection
	GlobalSection(ProjectConfigurationPlatforms) = postSolution
		{D8CD5CAC-6AF7-415C-A6EA-6EE90FFC3212}.Debug|Any CPU.ActiveCfg = Debug|Any CPU
		{D8CD5CAC-6AF7-415C-A6EA-6EE90FFC3212}.Debug|Any CPU.Build.0 = Debug|Any CPU
		{D8CD5CAC-6AF7-415C-A6EA-6EE90FFC3212}.Release|Any CPU.ActiveCfg = Release|Any CPU
		{D8CD5CAC-6AF7-415C-A6EA-6EE90FFC3212}.Release|Any CPU.Build.0 = Release|Any CPU
		{440DFC47-BA78-4B79-8AAC-E4F900222F64}.Debug|Any CPU.ActiveCfg = Debug|Any CPU
		{440DFC47-BA78-4B79-8AAC-E4F900222F64}.Debug|Any CPU.Build.0 = Debug|Any CPU
		{440DFC47-BA78-4B79-8AAC-E4F900222F64}.Release|Any CPU.ActiveCfg = Release|Any CPU
		{440DFC47-BA78-4B79-8AAC-E4F900222F64}.Release|Any CPU.Build.0 = Release|Any CPU
		{B1CCF009-1D59-438A-B210-A0B0E94681AF}.Debug|Any CPU.ActiveCfg = Debug|Any CPU
		{B1CCF009-1D59-438A-B210-A0B0E94681AF}.Debug|Any CPU.Build.0 = Debug|Any CPU
		{B1CCF009-1D59-438A-B210-A0B0E94681AF}.Release|Any CPU.ActiveCfg = Release|Any CPU
		{B1CCF009-1D59-438A-B210-A0B0E94681AF}.Release|Any CPU.Build.0 = Release|Any CPU
		{EC13BD10-4DA5-4ACB-BA24-55EC8B62516A}.Debug|Any CPU.ActiveCfg = Debug|Any CPU
		{EC13BD10-4DA5-4ACB-BA24-55EC8B62516A}.Debug|Any CPU.Build.0 = Debug|Any CPU
		{EC13BD10-4DA5-4ACB-BA24-55EC8B62516A}.Release|Any CPU.ActiveCfg = Release|Any CPU
		{EC13BD10-4DA5-4ACB-BA24-55EC8B62516A}.Release|Any CPU.Build.0 = Release|Any CPU
		{37259098-4AE0-43AB-8823-6E2898A24535}.Debug|Any CPU.ActiveCfg = Debug|Any CPU
		{37259098-4AE0-43AB-8823-6E2898A24535}.Debug|Any CPU.Build.0 = Debug|Any CPU
		{37259098-4AE0-43AB-8823-6E2898A24535}.Release|Any CPU.ActiveCfg = Release|Any CPU
		{37259098-4AE0-43AB-8823-6E2898A24535}.Release|Any CPU.Build.0 = Release|Any CPU
		{D1AD9A99-62D9-4934-ADE0-D972520CFB86}.Debug|Any CPU.ActiveCfg = Debug|Any CPU
		{D1AD9A99-62D9-4934-ADE0-D972520CFB86}.Debug|Any CPU.Build.0 = Debug|Any CPU
		{D1AD9A99-62D9-4934-ADE0-D972520CFB86}.Release|Any CPU.ActiveCfg = Release|Any CPU
		{D1AD9A99-62D9-4934-ADE0-D972520CFB86}.Release|Any CPU.Build.0 = Release|Any CPU
		{5B0A0273-78C0-41B7-8468-5FB8418BD3F3}.Debug|Any CPU.ActiveCfg = Debug|Any CPU
		{5B0A0273-78C0-41B7-8468-5FB8418BD3F3}.Debug|Any CPU.Build.0 = Debug|Any CPU
		{5B0A0273-78C0-41B7-8468-5FB8418BD3F3}.Release|Any CPU.ActiveCfg = Release|Any CPU
		{5B0A0273-78C0-41B7-8468-5FB8418BD3F3}.Release|Any CPU.Build.0 = Release|Any CPU
		{59AF7249-0623-4F94-BFA8-65D1D399681C}.Debug|Any CPU.ActiveCfg = Debug|Any CPU
		{59AF7249-0623-4F94-BFA8-65D1D399681C}.Debug|Any CPU.Build.0 = Debug|Any CPU
		{59AF7249-0623-4F94-BFA8-65D1D399681C}.Release|Any CPU.ActiveCfg = Release|Any CPU
		{59AF7249-0623-4F94-BFA8-65D1D399681C}.Release|Any CPU.Build.0 = Release|Any CPU
		{9397A886-E8BE-402C-A031-359D2DF98E76}.Debug|Any CPU.ActiveCfg = Debug|Any CPU
		{9397A886-E8BE-402C-A031-359D2DF98E76}.Debug|Any CPU.Build.0 = Debug|Any CPU
		{9397A886-E8BE-402C-A031-359D2DF98E76}.Release|Any CPU.ActiveCfg = Release|Any CPU
		{9397A886-E8BE-402C-A031-359D2DF98E76}.Release|Any CPU.Build.0 = Release|Any CPU
		{0D2C13BB-C7D6-4118-959C-B5B48596684E}.Debug|Any CPU.ActiveCfg = Debug|Any CPU
		{0D2C13BB-C7D6-4118-959C-B5B48596684E}.Debug|Any CPU.Build.0 = Debug|Any CPU
		{0D2C13BB-C7D6-4118-959C-B5B48596684E}.Release|Any CPU.ActiveCfg = Release|Any CPU
		{0D2C13BB-C7D6-4118-959C-B5B48596684E}.Release|Any CPU.Build.0 = Release|Any CPU
		{6972863A-A9BE-4511-8274-6716BFABE298}.Debug|Any CPU.ActiveCfg = Debug|Any CPU
		{6972863A-A9BE-4511-8274-6716BFABE298}.Debug|Any CPU.Build.0 = Debug|Any CPU
		{6972863A-A9BE-4511-8274-6716BFABE298}.Release|Any CPU.ActiveCfg = Release|Any CPU
		{6972863A-A9BE-4511-8274-6716BFABE298}.Release|Any CPU.Build.0 = Release|Any CPU
		{A83C6C8F-8908-4145-843E-0C98924BF2DE}.Debug|Any CPU.ActiveCfg = Debug|Any CPU
		{A83C6C8F-8908-4145-843E-0C98924BF2DE}.Debug|Any CPU.Build.0 = Debug|Any CPU
		{A83C6C8F-8908-4145-843E-0C98924BF2DE}.Release|Any CPU.ActiveCfg = Release|Any CPU
		{A83C6C8F-8908-4145-843E-0C98924BF2DE}.Release|Any CPU.Build.0 = Release|Any CPU
		{36CCAB38-A414-4D3D-B015-F5C18FF52446}.Debug|Any CPU.ActiveCfg = Debug|Any CPU
		{36CCAB38-A414-4D3D-B015-F5C18FF52446}.Debug|Any CPU.Build.0 = Debug|Any CPU
		{36CCAB38-A414-4D3D-B015-F5C18FF52446}.Release|Any CPU.ActiveCfg = Release|Any CPU
		{36CCAB38-A414-4D3D-B015-F5C18FF52446}.Release|Any CPU.Build.0 = Release|Any CPU
		{9034A49C-25CB-44E4-8F3D-3BA554FD97B1}.Debug|Any CPU.ActiveCfg = Debug|Any CPU
		{9034A49C-25CB-44E4-8F3D-3BA554FD97B1}.Debug|Any CPU.Build.0 = Debug|Any CPU
		{9034A49C-25CB-44E4-8F3D-3BA554FD97B1}.Release|Any CPU.ActiveCfg = Release|Any CPU
		{9034A49C-25CB-44E4-8F3D-3BA554FD97B1}.Release|Any CPU.Build.0 = Release|Any CPU
	EndGlobalSection
	GlobalSection(SolutionProperties) = preSolution
		HideSolutionNode = FALSE
	EndGlobalSection
	GlobalSection(ExtensibilityGlobals) = postSolution
		SolutionGuid = {4D4740D1-1ACC-4544-A40A-29B8EE7270FB}
	EndGlobalSection
EndGlobal
